
Microsoft Visual Studio Solution File, Format Version 12.00
# Visual Studio Version 16
VisualStudioVersion = 16.0.30621.155
MinimumVisualStudioVersion = 10.0.40219.1
Project("{FAE04EC0-301F-11D3-BF4B-00C04F79EFBC}") = "ConsomeHerosApp", "ConsomeHerosApp\ConsomeHerosApp.csproj", "{5E692F1A-5D0C-4F34-80CC-C685490E8D72}"
EndProject
Global
	GlobalSection(SolutionConfigurationPlatforms) = preSolution
		Debug|Any CPU = Debug|Any CPU
		Release|Any CPU = Release|Any CPU
	EndGlobalSection
	GlobalSection(ProjectConfigurationPlatforms) = postSolution
		{5E692F1A-5D0C-4F34-80CC-C685490E8D72}.Debug|Any CPU.ActiveCfg = Debug|Any CPU
		{5E692F1A-5D0C-4F34-80CC-C685490E8D72}.Debug|Any CPU.Build.0 = Debug|Any CPU
		{5E692F1A-5D0C-4F34-80CC-C685490E8D72}.Release|Any CPU.ActiveCfg = Release|Any CPU
		{5E692F1A-5D0C-4F34-80CC-C685490E8D72}.Release|Any CPU.Build.0 = Release|Any CPU
	EndGlobalSection
	GlobalSection(SolutionProperties) = preSolution
		HideSolutionNode = FALSE
	EndGlobalSection
	GlobalSection(ExtensibilityGlobals) = postSolution
		SolutionGuid = {C4890EA2-DB38-4674-A464-637238109F70}
	EndGlobalSection
EndGlobal
