
Microsoft Visual Studio Solution File, Format Version 12.00
# Visual Studio 15
VisualStudioVersion = 15.0.26124.0
MinimumVisualStudioVersion = 15.0.26124.0
Project("{FAE04EC0-301F-11D3-BF4B-00C04F79EFBC}") = "HerosUI", "HerosUI\HerosUI.csproj", "{112D19F9-3FEF-42C5-965D-A920DC19BFC0}"
EndProject
Project("{FAE04EC0-301F-11D3-BF4B-00C04F79EFBC}") = "HerosLib", "HerosLib\HerosLib.csproj", "{A9537506-EF6E-4803-99DA-31A22E095343}"
EndProject
Project("{FAE04EC0-301F-11D3-BF4B-00C04F79EFBC}") = "HerosDB", "HerosDB\HerosDB.csproj", "{7BB04471-0DAA-49FE-91CF-64E07FD49318}"
EndProject
Project("{FAE04EC0-301F-11D3-BF4B-00C04F79EFBC}") = "HerosTest", "HerosTest\HerosTest.csproj", "{D53F829C-F880-4817-9A8E-0EB31BC8519A}"
EndProject
Project("{FAE04EC0-301F-11D3-BF4B-00C04F79EFBC}") = "HerosBL", "HerosBL\HerosBL.csproj", "{6D49A790-A53E-4839-A6E0-DDAA62577941}"
EndProject
Global
	GlobalSection(SolutionConfigurationPlatforms) = preSolution
		Debug|Any CPU = Debug|Any CPU
		Debug|x64 = Debug|x64
		Debug|x86 = Debug|x86
		Release|Any CPU = Release|Any CPU
		Release|x64 = Release|x64
		Release|x86 = Release|x86
	EndGlobalSection
	GlobalSection(SolutionProperties) = preSolution
		HideSolutionNode = FALSE
	EndGlobalSection
	GlobalSection(ProjectConfigurationPlatforms) = postSolution
		{112D19F9-3FEF-42C5-965D-A920DC19BFC0}.Debug|Any CPU.ActiveCfg = Debug|Any CPU
		{112D19F9-3FEF-42C5-965D-A920DC19BFC0}.Debug|Any CPU.Build.0 = Debug|Any CPU
		{112D19F9-3FEF-42C5-965D-A920DC19BFC0}.Debug|x64.ActiveCfg = Debug|Any CPU
		{112D19F9-3FEF-42C5-965D-A920DC19BFC0}.Debug|x64.Build.0 = Debug|Any CPU
		{112D19F9-3FEF-42C5-965D-A920DC19BFC0}.Debug|x86.ActiveCfg = Debug|Any CPU
		{112D19F9-3FEF-42C5-965D-A920DC19BFC0}.Debug|x86.Build.0 = Debug|Any CPU
		{112D19F9-3FEF-42C5-965D-A920DC19BFC0}.Release|Any CPU.ActiveCfg = Release|Any CPU
		{112D19F9-3FEF-42C5-965D-A920DC19BFC0}.Release|Any CPU.Build.0 = Release|Any CPU
		{112D19F9-3FEF-42C5-965D-A920DC19BFC0}.Release|x64.ActiveCfg = Release|Any CPU
		{112D19F9-3FEF-42C5-965D-A920DC19BFC0}.Release|x64.Build.0 = Release|Any CPU
		{112D19F9-3FEF-42C5-965D-A920DC19BFC0}.Release|x86.ActiveCfg = Release|Any CPU
		{112D19F9-3FEF-42C5-965D-A920DC19BFC0}.Release|x86.Build.0 = Release|Any CPU
		{A9537506-EF6E-4803-99DA-31A22E095343}.Debug|Any CPU.ActiveCfg = Debug|Any CPU
		{A9537506-EF6E-4803-99DA-31A22E095343}.Debug|Any CPU.Build.0 = Debug|Any CPU
		{A9537506-EF6E-4803-99DA-31A22E095343}.Debug|x64.ActiveCfg = Debug|Any CPU
		{A9537506-EF6E-4803-99DA-31A22E095343}.Debug|x64.Build.0 = Debug|Any CPU
		{A9537506-EF6E-4803-99DA-31A22E095343}.Debug|x86.ActiveCfg = Debug|Any CPU
		{A9537506-EF6E-4803-99DA-31A22E095343}.Debug|x86.Build.0 = Debug|Any CPU
		{A9537506-EF6E-4803-99DA-31A22E095343}.Release|Any CPU.ActiveCfg = Release|Any CPU
		{A9537506-EF6E-4803-99DA-31A22E095343}.Release|Any CPU.Build.0 = Release|Any CPU
		{A9537506-EF6E-4803-99DA-31A22E095343}.Release|x64.ActiveCfg = Release|Any CPU
		{A9537506-EF6E-4803-99DA-31A22E095343}.Release|x64.Build.0 = Release|Any CPU
		{A9537506-EF6E-4803-99DA-31A22E095343}.Release|x86.ActiveCfg = Release|Any CPU
		{A9537506-EF6E-4803-99DA-31A22E095343}.Release|x86.Build.0 = Release|Any CPU
		{7BB04471-0DAA-49FE-91CF-64E07FD49318}.Debug|Any CPU.ActiveCfg = Debug|Any CPU
		{7BB04471-0DAA-49FE-91CF-64E07FD49318}.Debug|Any CPU.Build.0 = Debug|Any CPU
		{7BB04471-0DAA-49FE-91CF-64E07FD49318}.Debug|x64.ActiveCfg = Debug|Any CPU
		{7BB04471-0DAA-49FE-91CF-64E07FD49318}.Debug|x64.Build.0 = Debug|Any CPU
		{7BB04471-0DAA-49FE-91CF-64E07FD49318}.Debug|x86.ActiveCfg = Debug|Any CPU
		{7BB04471-0DAA-49FE-91CF-64E07FD49318}.Debug|x86.Build.0 = Debug|Any CPU
		{7BB04471-0DAA-49FE-91CF-64E07FD49318}.Release|Any CPU.ActiveCfg = Release|Any CPU
		{7BB04471-0DAA-49FE-91CF-64E07FD49318}.Release|Any CPU.Build.0 = Release|Any CPU
		{7BB04471-0DAA-49FE-91CF-64E07FD49318}.Release|x64.ActiveCfg = Release|Any CPU
		{7BB04471-0DAA-49FE-91CF-64E07FD49318}.Release|x64.Build.0 = Release|Any CPU
		{7BB04471-0DAA-49FE-91CF-64E07FD49318}.Release|x86.ActiveCfg = Release|Any CPU
		{7BB04471-0DAA-49FE-91CF-64E07FD49318}.Release|x86.Build.0 = Release|Any CPU
		{D53F829C-F880-4817-9A8E-0EB31BC8519A}.Debug|Any CPU.ActiveCfg = Debug|Any CPU
		{D53F829C-F880-4817-9A8E-0EB31BC8519A}.Debug|Any CPU.Build.0 = Debug|Any CPU
		{D53F829C-F880-4817-9A8E-0EB31BC8519A}.Debug|x64.ActiveCfg = Debug|Any CPU
		{D53F829C-F880-4817-9A8E-0EB31BC8519A}.Debug|x64.Build.0 = Debug|Any CPU
		{D53F829C-F880-4817-9A8E-0EB31BC8519A}.Debug|x86.ActiveCfg = Debug|Any CPU
		{D53F829C-F880-4817-9A8E-0EB31BC8519A}.Debug|x86.Build.0 = Debug|Any CPU
		{D53F829C-F880-4817-9A8E-0EB31BC8519A}.Release|Any CPU.ActiveCfg = Release|Any CPU
		{D53F829C-F880-4817-9A8E-0EB31BC8519A}.Release|Any CPU.Build.0 = Release|Any CPU
		{D53F829C-F880-4817-9A8E-0EB31BC8519A}.Release|x64.ActiveCfg = Release|Any CPU
		{D53F829C-F880-4817-9A8E-0EB31BC8519A}.Release|x64.Build.0 = Release|Any CPU
		{D53F829C-F880-4817-9A8E-0EB31BC8519A}.Release|x86.ActiveCfg = Release|Any CPU
		{D53F829C-F880-4817-9A8E-0EB31BC8519A}.Release|x86.Build.0 = Release|Any CPU
		{6D49A790-A53E-4839-A6E0-DDAA62577941}.Debug|Any CPU.ActiveCfg = Debug|Any CPU
		{6D49A790-A53E-4839-A6E0-DDAA62577941}.Debug|Any CPU.Build.0 = Debug|Any CPU
		{6D49A790-A53E-4839-A6E0-DDAA62577941}.Debug|x64.ActiveCfg = Debug|Any CPU
		{6D49A790-A53E-4839-A6E0-DDAA62577941}.Debug|x64.Build.0 = Debug|Any CPU
		{6D49A790-A53E-4839-A6E0-DDAA62577941}.Debug|x86.ActiveCfg = Debug|Any CPU
		{6D49A790-A53E-4839-A6E0-DDAA62577941}.Debug|x86.Build.0 = Debug|Any CPU
		{6D49A790-A53E-4839-A6E0-DDAA62577941}.Release|Any CPU.ActiveCfg = Release|Any CPU
		{6D49A790-A53E-4839-A6E0-DDAA62577941}.Release|Any CPU.Build.0 = Release|Any CPU
		{6D49A790-A53E-4839-A6E0-DDAA62577941}.Release|x64.ActiveCfg = Release|Any CPU
		{6D49A790-A53E-4839-A6E0-DDAA62577941}.Release|x64.Build.0 = Release|Any CPU
		{6D49A790-A53E-4839-A6E0-DDAA62577941}.Release|x86.ActiveCfg = Release|Any CPU
		{6D49A790-A53E-4839-A6E0-DDAA62577941}.Release|x86.Build.0 = Release|Any CPU
	EndGlobalSection
EndGlobal
